// !$*UTF8*$!
{
	archiveVersion = 1;
	classes = {
	};
	objectVersion = 46;
	objects = {

/* Begin PBXBuildFile section */
		37FC9AE21D5A9721003F4234 /* main.m in Sources */ = {isa = PBXBuildFile; fileRef = 37FC9AE11D5A9721003F4234 /* main.m */; };
		37FC9AE51D5A9721003F4234 /* AppDelegate.m in Sources */ = {isa = PBXBuildFile; fileRef = 37FC9AE41D5A9721003F4234 /* AppDelegate.m */; };
		37FC9AE81D5A9721003F4234 /* ViewController.m in Sources */ = {isa = PBXBuildFile; fileRef = 37FC9AE71D5A9721003F4234 /* ViewController.m */; };
		37FC9AEB1D5A9721003F4234 /* Main.storyboard in Resources */ = {isa = PBXBuildFile; fileRef = 37FC9AE91D5A9721003F4234 /* Main.storyboard */; };
		37FC9AEE1D5A9721003F4234 /* MacroLatorS.xcdatamodeld in Sources */ = {isa = PBXBuildFile; fileRef = 37FC9AEC1D5A9721003F4234 /* MacroLatorS.xcdatamodeld */; };
		37FC9AF01D5A9721003F4234 /* Assets.xcassets in Resources */ = {isa = PBXBuildFile; fileRef = 37FC9AEF1D5A9721003F4234 /* Assets.xcassets */; };
		37FC9AF31D5A9721003F4234 /* LaunchScreen.storyboard in Resources */ = {isa = PBXBuildFile; fileRef = 37FC9AF11D5A9721003F4234 /* LaunchScreen.storyboard */; };
		37FC9AFE1D5A9721003F4234 /* MacroLatorSTests.m in Sources */ = {isa = PBXBuildFile; fileRef = 37FC9AFD1D5A9721003F4234 /* MacroLatorSTests.m */; };
		37FC9B091D5A9721003F4234 /* MacroLatorSUITests.m in Sources */ = {isa = PBXBuildFile; fileRef = 37FC9B081D5A9721003F4234 /* MacroLatorSUITests.m */; };
		37FC9B1E1D5AA2CC003F4234 /* Person+CoreDataProperties.m in Sources */ = {isa = PBXBuildFile; fileRef = 37FC9B171D5AA2CC003F4234 /* Person+CoreDataProperties.m */; };
		37FC9B1F1D5AA2CC003F4234 /* Person.m in Sources */ = {isa = PBXBuildFile; fileRef = 37FC9B191D5AA2CC003F4234 /* Person.m */; };
		37FC9B201D5AA2CC003F4234 /* Food+CoreDataProperties.m in Sources */ = {isa = PBXBuildFile; fileRef = 37FC9B1B1D5AA2CC003F4234 /* Food+CoreDataProperties.m */; };
		37FC9B211D5AA2CC003F4234 /* Food.m in Sources */ = {isa = PBXBuildFile; fileRef = 37FC9B1D1D5AA2CC003F4234 /* Food.m */; };
		37FC9B271D5AFACA003F4234 /* MenuViewController.m in Sources */ = {isa = PBXBuildFile; fileRef = 37FC9B251D5AFACA003F4234 /* MenuViewController.m */; };
		37FC9B281D5AFACA003F4234 /* MenuViewController.xib in Resources */ = {isa = PBXBuildFile; fileRef = 37FC9B261D5AFACA003F4234 /* MenuViewController.xib */; };
		37FC9B2C1D5B05DE003F4234 /* CalculatorViewController.m in Sources */ = {isa = PBXBuildFile; fileRef = 37FC9B2B1D5B05DE003F4234 /* CalculatorViewController.m */; };
		37FC9B361D5B135B003F4234 /* DetailViewController.m in Sources */ = {isa = PBXBuildFile; fileRef = 37FC9B351D5B135B003F4234 /* DetailViewController.m */; };
		37FC9B3A1D5B13F4003F4234 /* NavigationController.m in Sources */ = {isa = PBXBuildFile; fileRef = 37FC9B391D5B13F4003F4234 /* NavigationController.m */; };
/* End PBXBuildFile section */

/* Begin PBXContainerItemProxy section */
		37FC9AFA1D5A9721003F4234 /* PBXContainerItemProxy */ = {
			isa = PBXContainerItemProxy;
			containerPortal = 37FC9AD51D5A9721003F4234 /* Project object */;
			proxyType = 1;
			remoteGlobalIDString = 37FC9ADC1D5A9721003F4234;
			remoteInfo = MacroLatorS;
		};
		37FC9B051D5A9721003F4234 /* PBXContainerItemProxy */ = {
			isa = PBXContainerItemProxy;
			containerPortal = 37FC9AD51D5A9721003F4234 /* Project object */;
			proxyType = 1;
			remoteGlobalIDString = 37FC9ADC1D5A9721003F4234;
			remoteInfo = MacroLatorS;
		};
/* End PBXContainerItemProxy section */

/* Begin PBXFileReference section */
		37FC9ADD1D5A9721003F4234 /* MacroLatorS.app */ = {isa = PBXFileReference; explicitFileType = wrapper.application; includeInIndex = 0; path = MacroLatorS.app; sourceTree = BUILT_PRODUCTS_DIR; };
		37FC9AE11D5A9721003F4234 /* main.m */ = {isa = PBXFileReference; lastKnownFileType = sourcecode.c.objc; path = main.m; sourceTree = "<group>"; };
		37FC9AE31D5A9721003F4234 /* AppDelegate.h */ = {isa = PBXFileReference; lastKnownFileType = sourcecode.c.h; path = AppDelegate.h; sourceTree = "<group>"; };
		37FC9AE41D5A9721003F4234 /* AppDelegate.m */ = {isa = PBXFileReference; lastKnownFileType = sourcecode.c.objc; path = AppDelegate.m; sourceTree = "<group>"; };
		37FC9AE61D5A9721003F4234 /* ViewController.h */ = {isa = PBXFileReference; lastKnownFileType = sourcecode.c.h; path = ViewController.h; sourceTree = "<group>"; };
		37FC9AE71D5A9721003F4234 /* ViewController.m */ = {isa = PBXFileReference; lastKnownFileType = sourcecode.c.objc; path = ViewController.m; sourceTree = "<group>"; };
		37FC9AEA1D5A9721003F4234 /* Base */ = {isa = PBXFileReference; lastKnownFileType = file.storyboard; name = Base; path = Base.lproj/Main.storyboard; sourceTree = "<group>"; };
		37FC9AED1D5A9721003F4234 /* MacroLatorS.xcdatamodel */ = {isa = PBXFileReference; lastKnownFileType = wrapper.xcdatamodel; path = MacroLatorS.xcdatamodel; sourceTree = "<group>"; };
		37FC9AEF1D5A9721003F4234 /* Assets.xcassets */ = {isa = PBXFileReference; lastKnownFileType = folder.assetcatalog; path = Assets.xcassets; sourceTree = "<group>"; };
		37FC9AF21D5A9721003F4234 /* Base */ = {isa = PBXFileReference; lastKnownFileType = file.storyboard; name = Base; path = Base.lproj/LaunchScreen.storyboard; sourceTree = "<group>"; };
		37FC9AF41D5A9721003F4234 /* Info.plist */ = {isa = PBXFileReference; lastKnownFileType = text.plist.xml; path = Info.plist; sourceTree = "<group>"; };
		37FC9AF91D5A9721003F4234 /* MacroLatorSTests.xctest */ = {isa = PBXFileReference; explicitFileType = wrapper.cfbundle; includeInIndex = 0; path = MacroLatorSTests.xctest; sourceTree = BUILT_PRODUCTS_DIR; };
		37FC9AFD1D5A9721003F4234 /* MacroLatorSTests.m */ = {isa = PBXFileReference; lastKnownFileType = sourcecode.c.objc; path = MacroLatorSTests.m; sourceTree = "<group>"; };
		37FC9AFF1D5A9721003F4234 /* Info.plist */ = {isa = PBXFileReference; lastKnownFileType = text.plist.xml; path = Info.plist; sourceTree = "<group>"; };
		37FC9B041D5A9721003F4234 /* MacroLatorSUITests.xctest */ = {isa = PBXFileReference; explicitFileType = wrapper.cfbundle; includeInIndex = 0; path = MacroLatorSUITests.xctest; sourceTree = BUILT_PRODUCTS_DIR; };
		37FC9B081D5A9721003F4234 /* MacroLatorSUITests.m */ = {isa = PBXFileReference; lastKnownFileType = sourcecode.c.objc; path = MacroLatorSUITests.m; sourceTree = "<group>"; };
		37FC9B0A1D5A9721003F4234 /* Info.plist */ = {isa = PBXFileReference; lastKnownFileType = text.plist.xml; path = Info.plist; sourceTree = "<group>"; };
		37FC9B161D5AA2CC003F4234 /* Person+CoreDataProperties.h */ = {isa = PBXFileReference; fileEncoding = 4; lastKnownFileType = sourcecode.c.h; name = "Person+CoreDataProperties.h"; path = "../Person+CoreDataProperties.h"; sourceTree = "<group>"; };
		37FC9B171D5AA2CC003F4234 /* Person+CoreDataProperties.m */ = {isa = PBXFileReference; fileEncoding = 4; lastKnownFileType = sourcecode.c.objc; name = "Person+CoreDataProperties.m"; path = "../Person+CoreDataProperties.m"; sourceTree = "<group>"; };
		37FC9B181D5AA2CC003F4234 /* Person.h */ = {isa = PBXFileReference; fileEncoding = 4; lastKnownFileType = sourcecode.c.h; name = Person.h; path = ../Person.h; sourceTree = "<group>"; };
		37FC9B191D5AA2CC003F4234 /* Person.m */ = {isa = PBXFileReference; fileEncoding = 4; lastKnownFileType = sourcecode.c.objc; name = Person.m; path = ../Person.m; sourceTree = "<group>"; };
		37FC9B1A1D5AA2CC003F4234 /* Food+CoreDataProperties.h */ = {isa = PBXFileReference; fileEncoding = 4; lastKnownFileType = sourcecode.c.h; name = "Food+CoreDataProperties.h"; path = "../Food+CoreDataProperties.h"; sourceTree = "<group>"; };
		37FC9B1B1D5AA2CC003F4234 /* Food+CoreDataProperties.m */ = {isa = PBXFileReference; fileEncoding = 4; lastKnownFileType = sourcecode.c.objc; name = "Food+CoreDataProperties.m"; path = "../Food+CoreDataProperties.m"; sourceTree = "<group>"; };
		37FC9B1C1D5AA2CC003F4234 /* Food.h */ = {isa = PBXFileReference; fileEncoding = 4; lastKnownFileType = sourcecode.c.h; name = Food.h; path = ../Food.h; sourceTree = "<group>"; };
		37FC9B1D1D5AA2CC003F4234 /* Food.m */ = {isa = PBXFileReference; fileEncoding = 4; lastKnownFileType = sourcecode.c.objc; name = Food.m; path = ../Food.m; sourceTree = "<group>"; };
		37FC9B241D5AFACA003F4234 /* MenuViewController.h */ = {isa = PBXFileReference; fileEncoding = 4; lastKnownFileType = sourcecode.c.h; path = MenuViewController.h; sourceTree = "<group>"; };
		37FC9B251D5AFACA003F4234 /* MenuViewController.m */ = {isa = PBXFileReference; fileEncoding = 4; lastKnownFileType = sourcecode.c.objc; path = MenuViewController.m; sourceTree = "<group>"; };
		37FC9B261D5AFACA003F4234 /* MenuViewController.xib */ = {isa = PBXFileReference; fileEncoding = 4; lastKnownFileType = file.xib; path = MenuViewController.xib; sourceTree = "<group>"; };
		37FC9B2A1D5B05DE003F4234 /* CalculatorViewController.h */ = {isa = PBXFileReference; fileEncoding = 4; lastKnownFileType = sourcecode.c.h; path = CalculatorViewController.h; sourceTree = "<group>"; };
		37FC9B2B1D5B05DE003F4234 /* CalculatorViewController.m */ = {isa = PBXFileReference; fileEncoding = 4; lastKnownFileType = sourcecode.c.objc; path = CalculatorViewController.m; sourceTree = "<group>"; };
		37FC9B341D5B135B003F4234 /* DetailViewController.h */ = {isa = PBXFileReference; fileEncoding = 4; lastKnownFileType = sourcecode.c.h; path = DetailViewController.h; sourceTree = "<group>"; };
		37FC9B351D5B135B003F4234 /* DetailViewController.m */ = {isa = PBXFileReference; fileEncoding = 4; lastKnownFileType = sourcecode.c.objc; path = DetailViewController.m; sourceTree = "<group>"; };
		37FC9B381D5B13F4003F4234 /* NavigationController.h */ = {isa = PBXFileReference; fileEncoding = 4; lastKnownFileType = sourcecode.c.h; path = NavigationController.h; sourceTree = "<group>"; };
		37FC9B391D5B13F4003F4234 /* NavigationController.m */ = {isa = PBXFileReference; fileEncoding = 4; lastKnownFileType = sourcecode.c.objc; path = NavigationController.m; sourceTree = "<group>"; };
/* End PBXFileReference section */

/* Begin PBXFrameworksBuildPhase section */
		37FC9ADA1D5A9721003F4234 /* Frameworks */ = {
			isa = PBXFrameworksBuildPhase;
			buildActionMask = 2147483647;
			files = (
			);
			runOnlyForDeploymentPostprocessing = 0;
		};
		37FC9AF61D5A9721003F4234 /* Frameworks */ = {
			isa = PBXFrameworksBuildPhase;
			buildActionMask = 2147483647;
			files = (
			);
			runOnlyForDeploymentPostprocessing = 0;
		};
		37FC9B011D5A9721003F4234 /* Frameworks */ = {
			isa = PBXFrameworksBuildPhase;
			buildActionMask = 2147483647;
			files = (
			);
			runOnlyForDeploymentPostprocessing = 0;
		};
/* End PBXFrameworksBuildPhase section */

/* Begin PBXGroup section */
		37FC9AD41D5A9721003F4234 = {
			isa = PBXGroup;
			children = (
				37FC9ADF1D5A9721003F4234 /* MacroLatorS */,
				37FC9AFC1D5A9721003F4234 /* MacroLatorSTests */,
				37FC9B071D5A9721003F4234 /* MacroLatorSUITests */,
				37FC9ADE1D5A9721003F4234 /* Products */,
			);
			sourceTree = "<group>";
		};
		37FC9ADE1D5A9721003F4234 /* Products */ = {
			isa = PBXGroup;
			children = (
				37FC9ADD1D5A9721003F4234 /* MacroLatorS.app */,
				37FC9AF91D5A9721003F4234 /* MacroLatorSTests.xctest */,
				37FC9B041D5A9721003F4234 /* MacroLatorSUITests.xctest */,
			);
			name = Products;
			sourceTree = "<group>";
		};
		37FC9ADF1D5A9721003F4234 /* MacroLatorS */ = {
			isa = PBXGroup;
			children = (
				37FC9AE31D5A9721003F4234 /* AppDelegate.h */,
				37FC9AE41D5A9721003F4234 /* AppDelegate.m */,
				37FC9B3E1D5D1A3E003F4234 /* Storyboards */,
				37FC9B371D5B138B003F4234 /* Navigation Controllers */,
				37FC9B231D5AA34D003F4234 /* View Controllers */,
				37FC9AE01D5A9721003F4234 /* Supporting Files */,
			);
			path = MacroLatorS;
			sourceTree = "<group>";
		};
		37FC9AE01D5A9721003F4234 /* Supporting Files */ = {
			isa = PBXGroup;
			children = (
				37FC9AE11D5A9721003F4234 /* main.m */,
				37FC9AEF1D5A9721003F4234 /* Assets.xcassets */,
				37FC9AF41D5A9721003F4234 /* Info.plist */,
				37FC9B221D5AA323003F4234 /* Data Model */,
			);
			name = "Supporting Files";
			sourceTree = "<group>";
		};
		37FC9AFC1D5A9721003F4234 /* MacroLatorSTests */ = {
			isa = PBXGroup;
			children = (
				37FC9AFD1D5A9721003F4234 /* MacroLatorSTests.m */,
				37FC9AFF1D5A9721003F4234 /* Info.plist */,
			);
			path = MacroLatorSTests;
			sourceTree = "<group>";
		};
		37FC9B071D5A9721003F4234 /* MacroLatorSUITests */ = {
			isa = PBXGroup;
			children = (
				37FC9B081D5A9721003F4234 /* MacroLatorSUITests.m */,
				37FC9B0A1D5A9721003F4234 /* Info.plist */,
			);
			path = MacroLatorSUITests;
			sourceTree = "<group>";
		};
		37FC9B221D5AA323003F4234 /* Data Model */ = {
			isa = PBXGroup;
			children = (
				37FC9AEC1D5A9721003F4234 /* MacroLatorS.xcdatamodeld */,
				37FC9B181D5AA2CC003F4234 /* Person.h */,
				37FC9B191D5AA2CC003F4234 /* Person.m */,
				37FC9B1C1D5AA2CC003F4234 /* Food.h */,
				37FC9B1D1D5AA2CC003F4234 /* Food.m */,
				37FC9B331D5B0BF0003F4234 /* Properties */,
			);
			name = "Data Model";
			sourceTree = "<group>";
		};
		37FC9B231D5AA34D003F4234 /* View Controllers */ = {
			isa = PBXGroup;
			children = (
				37FC9AE61D5A9721003F4234 /* ViewController.h */,
				37FC9AE71D5A9721003F4234 /* ViewController.m */,
				37FC9B2A1D5B05DE003F4234 /* CalculatorViewController.h */,
				37FC9B2B1D5B05DE003F4234 /* CalculatorViewController.m */,
				37FC9B241D5AFACA003F4234 /* MenuViewController.h */,
				37FC9B251D5AFACA003F4234 /* MenuViewController.m */,
				37FC9B261D5AFACA003F4234 /* MenuViewController.xib */,
				37FC9B341D5B135B003F4234 /* DetailViewController.h */,
				37FC9B351D5B135B003F4234 /* DetailViewController.m */,
			);
			name = "View Controllers";
			sourceTree = "<group>";
		};
		37FC9B331D5B0BF0003F4234 /* Properties */ = {
			isa = PBXGroup;
			children = (
				37FC9B161D5AA2CC003F4234 /* Person+CoreDataProperties.h */,
				37FC9B171D5AA2CC003F4234 /* Person+CoreDataProperties.m */,
				37FC9B1A1D5AA2CC003F4234 /* Food+CoreDataProperties.h */,
				37FC9B1B1D5AA2CC003F4234 /* Food+CoreDataProperties.m */,
			);
			name = Properties;
			sourceTree = "<group>";
		};
		37FC9B371D5B138B003F4234 /* Navigation Controllers */ = {
			isa = PBXGroup;
			children = (
				37FC9B381D5B13F4003F4234 /* NavigationController.h */,
				37FC9B391D5B13F4003F4234 /* NavigationController.m */,
			);
			name = "Navigation Controllers";
			sourceTree = "<group>";
		};
		37FC9B3E1D5D1A3E003F4234 /* Storyboards */ = {
			isa = PBXGroup;
			children = (
				37FC9AE91D5A9721003F4234 /* Main.storyboard */,
				37FC9AF11D5A9721003F4234 /* LaunchScreen.storyboard */,
			);
			name = Storyboards;
			sourceTree = "<group>";
		};
/* End PBXGroup section */

/* Begin PBXNativeTarget section */
		37FC9ADC1D5A9721003F4234 /* MacroLatorS */ = {
			isa = PBXNativeTarget;
			buildConfigurationList = 37FC9B0D1D5A9721003F4234 /* Build configuration list for PBXNativeTarget "MacroLatorS" */;
			buildPhases = (
				37FC9AD91D5A9721003F4234 /* Sources */,
				37FC9ADA1D5A9721003F4234 /* Frameworks */,
				37FC9ADB1D5A9721003F4234 /* Resources */,
			);
			buildRules = (
			);
			dependencies = (
			);
			name = MacroLatorS;
			productName = MacroLatorS;
			productReference = 37FC9ADD1D5A9721003F4234 /* MacroLatorS.app */;
			productType = "com.apple.product-type.application";
		};
		37FC9AF81D5A9721003F4234 /* MacroLatorSTests */ = {
			isa = PBXNativeTarget;
			buildConfigurationList = 37FC9B101D5A9721003F4234 /* Build configuration list for PBXNativeTarget "MacroLatorSTests" */;
			buildPhases = (
				37FC9AF51D5A9721003F4234 /* Sources */,
				37FC9AF61D5A9721003F4234 /* Frameworks */,
				37FC9AF71D5A9721003F4234 /* Resources */,
			);
			buildRules = (
			);
			dependencies = (
				37FC9AFB1D5A9721003F4234 /* PBXTargetDependency */,
			);
			name = MacroLatorSTests;
			productName = MacroLatorSTests;
			productReference = 37FC9AF91D5A9721003F4234 /* MacroLatorSTests.xctest */;
			productType = "com.apple.product-type.bundle.unit-test";
		};
		37FC9B031D5A9721003F4234 /* MacroLatorSUITests */ = {
			isa = PBXNativeTarget;
			buildConfigurationList = 37FC9B131D5A9721003F4234 /* Build configuration list for PBXNativeTarget "MacroLatorSUITests" */;
			buildPhases = (
				37FC9B001D5A9721003F4234 /* Sources */,
				37FC9B011D5A9721003F4234 /* Frameworks */,
				37FC9B021D5A9721003F4234 /* Resources */,
			);
			buildRules = (
			);
			dependencies = (
				37FC9B061D5A9721003F4234 /* PBXTargetDependency */,
			);
			name = MacroLatorSUITests;
			productName = MacroLatorSUITests;
			productReference = 37FC9B041D5A9721003F4234 /* MacroLatorSUITests.xctest */;
			productType = "com.apple.product-type.bundle.ui-testing";
		};
/* End PBXNativeTarget section */

/* Begin PBXProject section */
		37FC9AD51D5A9721003F4234 /* Project object */ = {
			isa = PBXProject;
			attributes = {
				LastUpgradeCheck = 0730;
				ORGANIZATIONNAME = "Alan Vitullo";
				TargetAttributes = {
					37FC9ADC1D5A9721003F4234 = {
						CreatedOnToolsVersion = 7.3.1;
						DevelopmentTeam = EX4F5LVL8Z;
					};
					37FC9AF81D5A9721003F4234 = {
						CreatedOnToolsVersion = 7.3.1;
						DevelopmentTeam = EX4F5LVL8Z;
						TestTargetID = 37FC9ADC1D5A9721003F4234;
					};
					37FC9B031D5A9721003F4234 = {
						CreatedOnToolsVersion = 7.3.1;
						DevelopmentTeam = EX4F5LVL8Z;
						TestTargetID = 37FC9ADC1D5A9721003F4234;
					};
				};
			};
			buildConfigurationList = 37FC9AD81D5A9721003F4234 /* Build configuration list for PBXProject "MacroLatorS" */;
			compatibilityVersion = "Xcode 3.2";
			developmentRegion = English;
			hasScannedForEncodings = 0;
			knownRegions = (
				en,
				Base,
			);
			mainGroup = 37FC9AD41D5A9721003F4234;
			productRefGroup = 37FC9ADE1D5A9721003F4234 /* Products */;
			projectDirPath = "";
			projectRoot = "";
			targets = (
				37FC9ADC1D5A9721003F4234 /* MacroLatorS */,
				37FC9AF81D5A9721003F4234 /* MacroLatorSTests */,
				37FC9B031D5A9721003F4234 /* MacroLatorSUITests */,
			);
		};
/* End PBXProject section */

/* Begin PBXResourcesBuildPhase section */
		37FC9ADB1D5A9721003F4234 /* Resources */ = {
			isa = PBXResourcesBuildPhase;
			buildActionMask = 2147483647;
			files = (
				37FC9AF31D5A9721003F4234 /* LaunchScreen.storyboard in Resources */,
				37FC9AF01D5A9721003F4234 /* Assets.xcassets in Resources */,
				37FC9AEB1D5A9721003F4234 /* Main.storyboard in Resources */,
				37FC9B281D5AFACA003F4234 /* MenuViewController.xib in Resources */,
			);
			runOnlyForDeploymentPostprocessing = 0;
		};
		37FC9AF71D5A9721003F4234 /* Resources */ = {
			isa = PBXResourcesBuildPhase;
			buildActionMask = 2147483647;
			files = (
			);
			runOnlyForDeploymentPostprocessing = 0;
		};
		37FC9B021D5A9721003F4234 /* Resources */ = {
			isa = PBXResourcesBuildPhase;
			buildActionMask = 2147483647;
			files = (
			);
			runOnlyForDeploymentPostprocessing = 0;
		};
/* End PBXResourcesBuildPhase section */

/* Begin PBXSourcesBuildPhase section */
		37FC9AD91D5A9721003F4234 /* Sources */ = {
			isa = PBXSourcesBuildPhase;
			buildActionMask = 2147483647;
			files = (
				37FC9B1F1D5AA2CC003F4234 /* Person.m in Sources */,
				37FC9B271D5AFACA003F4234 /* MenuViewController.m in Sources */,
				37FC9B2C1D5B05DE003F4234 /* CalculatorViewController.m in Sources */,
				37FC9B211D5AA2CC003F4234 /* Food.m in Sources */,
				37FC9AE81D5A9721003F4234 /* ViewController.m in Sources */,
				37FC9AE51D5A9721003F4234 /* AppDelegate.m in Sources */,
				37FC9AE21D5A9721003F4234 /* main.m in Sources */,
				37FC9B361D5B135B003F4234 /* DetailViewController.m in Sources */,
				37FC9B1E1D5AA2CC003F4234 /* Person+CoreDataProperties.m in Sources */,
				37FC9B3A1D5B13F4003F4234 /* NavigationController.m in Sources */,
				37FC9AEE1D5A9721003F4234 /* MacroLatorS.xcdatamodeld in Sources */,
				37FC9B201D5AA2CC003F4234 /* Food+CoreDataProperties.m in Sources */,
			);
			runOnlyForDeploymentPostprocessing = 0;
		};
		37FC9AF51D5A9721003F4234 /* Sources */ = {
			isa = PBXSourcesBuildPhase;
			buildActionMask = 2147483647;
			files = (
				37FC9AFE1D5A9721003F4234 /* MacroLatorSTests.m in Sources */,
			);
			runOnlyForDeploymentPostprocessing = 0;
		};
		37FC9B001D5A9721003F4234 /* Sources */ = {
			isa = PBXSourcesBuildPhase;
			buildActionMask = 2147483647;
			files = (
				37FC9B091D5A9721003F4234 /* MacroLatorSUITests.m in Sources */,
			);
			runOnlyForDeploymentPostprocessing = 0;
		};
/* End PBXSourcesBuildPhase section */

/* Begin PBXTargetDependency section */
		37FC9AFB1D5A9721003F4234 /* PBXTargetDependency */ = {
			isa = PBXTargetDependency;
			target = 37FC9ADC1D5A9721003F4234 /* MacroLatorS */;
			targetProxy = 37FC9AFA1D5A9721003F4234 /* PBXContainerItemProxy */;
		};
		37FC9B061D5A9721003F4234 /* PBXTargetDependency */ = {
			isa = PBXTargetDependency;
			target = 37FC9ADC1D5A9721003F4234 /* MacroLatorS */;
			targetProxy = 37FC9B051D5A9721003F4234 /* PBXContainerItemProxy */;
		};
/* End PBXTargetDependency section */

/* Begin PBXVariantGroup section */
		37FC9AE91D5A9721003F4234 /* Main.storyboard */ = {
			isa = PBXVariantGroup;
			children = (
				37FC9AEA1D5A9721003F4234 /* Base */,
			);
			name = Main.storyboard;
			sourceTree = "<group>";
		};
		37FC9AF11D5A9721003F4234 /* LaunchScreen.storyboard */ = {
			isa = PBXVariantGroup;
			children = (
				37FC9AF21D5A9721003F4234 /* Base */,
			);
			name = LaunchScreen.storyboard;
			sourceTree = "<group>";
		};
/* End PBXVariantGroup section */

/* Begin XCBuildConfiguration section */
		37FC9B0B1D5A9721003F4234 /* Debug */ = {
			isa = XCBuildConfiguration;
			buildSettings = {
				ALWAYS_SEARCH_USER_PATHS = NO;
				CLANG_ANALYZER_NONNULL = YES;
				CLANG_CXX_LANGUAGE_STANDARD = "gnu++0x";
				CLANG_CXX_LIBRARY = "libc++";
				CLANG_ENABLE_MODULES = YES;
				CLANG_ENABLE_OBJC_ARC = YES;
				CLANG_WARN_BOOL_CONVERSION = YES;
				CLANG_WARN_CONSTANT_CONVERSION = YES;
				CLANG_WARN_DIRECT_OBJC_ISA_USAGE = YES_ERROR;
				CLANG_WARN_EMPTY_BODY = YES;
				CLANG_WARN_ENUM_CONVERSION = YES;
				CLANG_WARN_INT_CONVERSION = YES;
				CLANG_WARN_OBJC_ROOT_CLASS = YES_ERROR;
				CLANG_WARN_UNREACHABLE_CODE = YES;
				CLANG_WARN__DUPLICATE_METHOD_MATCH = YES;
				"CODE_SIGN_IDENTITY[sdk=iphoneos*]" = "iPhone Developer";
				COPY_PHASE_STRIP = NO;
				DEBUG_INFORMATION_FORMAT = dwarf;
				ENABLE_STRICT_OBJC_MSGSEND = YES;
				ENABLE_TESTABILITY = YES;
				GCC_C_LANGUAGE_STANDARD = gnu99;
				GCC_DYNAMIC_NO_PIC = NO;
				GCC_NO_COMMON_BLOCKS = YES;
				GCC_OPTIMIZATION_LEVEL = 0;
				GCC_PREPROCESSOR_DEFINITIONS = (
					"DEBUG=1",
					"$(inherited)",
				);
				GCC_WARN_64_TO_32_BIT_CONVERSION = YES;
				GCC_WARN_ABOUT_RETURN_TYPE = YES_ERROR;
				GCC_WARN_UNDECLARED_SELECTOR = YES;
				GCC_WARN_UNINITIALIZED_AUTOS = YES_AGGRESSIVE;
				GCC_WARN_UNUSED_FUNCTION = YES;
				GCC_WARN_UNUSED_VARIABLE = YES;
				IPHONEOS_DEPLOYMENT_TARGET = 9.3;
				MTL_ENABLE_DEBUG_INFO = YES;
				ONLY_ACTIVE_ARCH = YES;
				SDKROOT = iphoneos;
				TARGETED_DEVICE_FAMILY = "1,2";
			};
			name = Debug;
		};
		37FC9B0C1D5A9721003F4234 /* Release */ = {
			isa = XCBuildConfiguration;
			buildSettings = {
				ALWAYS_SEARCH_USER_PATHS = NO;
				CLANG_ANALYZER_NONNULL = YES;
				CLANG_CXX_LANGUAGE_STANDARD = "gnu++0x";
				CLANG_CXX_LIBRARY = "libc++";
				CLANG_ENABLE_MODULES = YES;
				CLANG_ENABLE_OBJC_ARC = YES;
				CLANG_WARN_BOOL_CONVERSION = YES;
				CLANG_WARN_CONSTANT_CONVERSION = YES;
				CLANG_WARN_DIRECT_OBJC_ISA_USAGE = YES_ERROR;
				CLANG_WARN_EMPTY_BODY = YES;
				CLANG_WARN_ENUM_CONVERSION = YES;
				CLANG_WARN_INT_CONVERSION = YES;
				CLANG_WARN_OBJC_ROOT_CLASS = YES_ERROR;
				CLANG_WARN_UNREACHABLE_CODE = YES;
				CLANG_WARN__DUPLICATE_METHOD_MATCH = YES;
				"CODE_SIGN_IDENTITY[sdk=iphoneos*]" = "iPhone Developer";
				COPY_PHASE_STRIP = NO;
				DEBUG_INFORMATION_FORMAT = "dwarf-with-dsym";
				ENABLE_NS_ASSERTIONS = NO;
				ENABLE_STRICT_OBJC_MSGSEND = YES;
				GCC_C_LANGUAGE_STANDARD = gnu99;
				GCC_NO_COMMON_BLOCKS = YES;
				GCC_WARN_64_TO_32_BIT_CONVERSION = YES;
				GCC_WARN_ABOUT_RETURN_TYPE = YES_ERROR;
				GCC_WARN_UNDECLARED_SELECTOR = YES;
				GCC_WARN_UNINITIALIZED_AUTOS = YES_AGGRESSIVE;
				GCC_WARN_UNUSED_FUNCTION = YES;
				GCC_WARN_UNUSED_VARIABLE = YES;
				IPHONEOS_DEPLOYMENT_TARGET = 9.3;
				MTL_ENABLE_DEBUG_INFO = NO;
				SDKROOT = iphoneos;
				TARGETED_DEVICE_FAMILY = "1,2";
				VALIDATE_PRODUCT = YES;
			};
			name = Release;
		};
		37FC9B0E1D5A9721003F4234 /* Debug */ = {
			isa = XCBuildConfiguration;
			buildSettings = {
				ASSETCATALOG_COMPILER_APPICON_NAME = AppIcon;
				INFOPLIST_FILE = MacroLatorS/Info.plist;
				LD_RUNPATH_SEARCH_PATHS = "$(inherited) @executable_path/Frameworks";
				PRODUCT_BUNDLE_IDENTIFIER = com.alanvitullo.MacroLatorS;
				PRODUCT_NAME = "$(TARGET_NAME)";
			};
			name = Debug;
		};
		37FC9B0F1D5A9721003F4234 /* Release */ = {
			isa = XCBuildConfiguration;
			buildSettings = {
				ASSETCATALOG_COMPILER_APPICON_NAME = AppIcon;
				INFOPLIST_FILE = MacroLatorS/Info.plist;
				LD_RUNPATH_SEARCH_PATHS = "$(inherited) @executable_path/Frameworks";
				PRODUCT_BUNDLE_IDENTIFIER = com.alanvitullo.MacroLatorS;
				PRODUCT_NAME = "$(TARGET_NAME)";
			};
			name = Release;
		};
		37FC9B111D5A9721003F4234 /* Debug */ = {
			isa = XCBuildConfiguration;
			buildSettings = {
				BUNDLE_LOADER = "$(TEST_HOST)";
				INFOPLIST_FILE = MacroLatorSTests/Info.plist;
				LD_RUNPATH_SEARCH_PATHS = "$(inherited) @executable_path/Frameworks @loader_path/Frameworks";
				PRODUCT_BUNDLE_IDENTIFIER = com.alanvitullo.MacroLatorSTests;
				PRODUCT_NAME = "$(TARGET_NAME)";
				TEST_HOST = "$(BUILT_PRODUCTS_DIR)/MacroLatorS.app/MacroLatorS";
			};
			name = Debug;
		};
		37FC9B121D5A9721003F4234 /* Release */ = {
			isa = XCBuildConfiguration;
			buildSettings = {
				BUNDLE_LOADER = "$(TEST_HOST)";
				INFOPLIST_FILE = MacroLatorSTests/Info.plist;
				LD_RUNPATH_SEARCH_PATHS = "$(inherited) @executable_path/Frameworks @loader_path/Frameworks";
				PRODUCT_BUNDLE_IDENTIFIER = com.alanvitullo.MacroLatorSTests;
				PRODUCT_NAME = "$(TARGET_NAME)";
				TEST_HOST = "$(BUILT_PRODUCTS_DIR)/MacroLatorS.app/MacroLatorS";
			};
			name = Release;
		};
		37FC9B141D5A9721003F4234 /* Debug */ = {
			isa = XCBuildConfiguration;
			buildSettings = {
				INFOPLIST_FILE = MacroLatorSUITests/Info.plist;
				LD_RUNPATH_SEARCH_PATHS = "$(inherited) @executable_path/Frameworks @loader_path/Frameworks";
				PRODUCT_BUNDLE_IDENTIFIER = com.alanvitullo.MacroLatorSUITests;
				PRODUCT_NAME = "$(TARGET_NAME)";
				TEST_TARGET_NAME = MacroLatorS;
			};
			name = Debug;
		};
		37FC9B151D5A9721003F4234 /* Release */ = {
			isa = XCBuildConfiguration;
			buildSettings = {
				INFOPLIST_FILE = MacroLatorSUITests/Info.plist;
				LD_RUNPATH_SEARCH_PATHS = "$(inherited) @executable_path/Frameworks @loader_path/Frameworks";
				PRODUCT_BUNDLE_IDENTIFIER = com.alanvitullo.MacroLatorSUITests;
				PRODUCT_NAME = "$(TARGET_NAME)";
				TEST_TARGET_NAME = MacroLatorS;
			};
			name = Release;
		};
/* End XCBuildConfiguration section */

/* Begin XCConfigurationList section */
		37FC9AD81D5A9721003F4234 /* Build configuration list for PBXProject "MacroLatorS" */ = {
			isa = XCConfigurationList;
			buildConfigurations = (
				37FC9B0B1D5A9721003F4234 /* Debug */,
				37FC9B0C1D5A9721003F4234 /* Release */,
			);
			defaultConfigurationIsVisible = 0;
			defaultConfigurationName = Release;
		};
		37FC9B0D1D5A9721003F4234 /* Build configuration list for PBXNativeTarget "MacroLatorS" */ = {
			isa = XCConfigurationList;
			buildConfigurations = (
				37FC9B0E1D5A9721003F4234 /* Debug */,
				37FC9B0F1D5A9721003F4234 /* Release */,
			);
			defaultConfigurationIsVisible = 0;
		};
		37FC9B101D5A9721003F4234 /* Build configuration list for PBXNativeTarget "MacroLatorSTests" */ = {
			isa = XCConfigurationList;
			buildConfigurations = (
				37FC9B111D5A9721003F4234 /* Debug */,
				37FC9B121D5A9721003F4234 /* Release */,
			);
			defaultConfigurationIsVisible = 0;
		};
		37FC9B131D5A9721003F4234 /* Build configuration list for PBXNativeTarget "MacroLatorSUITests" */ = {
			isa = XCConfigurationList;
			buildConfigurations = (
				37FC9B141D5A9721003F4234 /* Debug */,
				37FC9B151D5A9721003F4234 /* Release */,
			);
			defaultConfigurationIsVisible = 0;
		};
/* End XCConfigurationList section */

/* Begin XCVersionGroup section */
		37FC9AEC1D5A9721003F4234 /* MacroLatorS.xcdatamodeld */ = {
			isa = XCVersionGroup;
			children = (
				37FC9AED1D5A9721003F4234 /* MacroLatorS.xcdatamodel */,
			);
			currentVersion = 37FC9AED1D5A9721003F4234 /* MacroLatorS.xcdatamodel */;
			path = MacroLatorS.xcdatamodeld;
			sourceTree = "<group>";
			versionGroupType = wrapper.xcdatamodel;
		};
/* End XCVersionGroup section */
	};
	rootObject = 37FC9AD51D5A9721003F4234 /* Project object */;
}
